github.com/nickwells/mathutil.mod v1.0.8 h1:hDVPkZMU0Faao6FcMUoChEjhFmFwNshoVwe0oCZVK5M=
github.com/nickwells/mathutil.mod v1.0.8/go.mod h1:BOkNQPZ6po54FuGR4EmTieDzrOGgdbZ8Vk8E91ZiSXQ=
github.com/nickwells/testhelper.mod v1.4.0 h1:84SktVP6UKsWiJbmb6DLk8eMFOtzWSag6LdIqvtztgY=
github.com/nickwells/testhelper.mod v1.4.0/go.mod h1:Ct/U2PjL0n9hGc+US6uR/s4NxSRI33NM+0ZkrDkG0XI=
